
Microsoft Visual Studio Solution File, Format Version 12.00
# Visual Studio 15
Project("{FAE04EC0-301F-11D3-BF4B-00C04F79EFBC}") = "UnityEngine.TestRunner", "UnityEngine.TestRunner.csproj", "{A245CBBA-20B2-ED17-3821-1FDB4C9B6D0F}"
EndProject
Project("{FAE04EC0-301F-11D3-BF4B-00C04F79EFBC}") = "Unity.Mathematics", "Unity.Mathematics.csproj", "{A907F029-56FC-769B-B848-346A081E665B}"
EndProject
Project("{FAE04EC0-301F-11D3-BF4B-00C04F79EFBC}") = "Unity.2D.Animation.Triangle.Runtime", "Unity.2D.Animation.Triangle.Runtime.csproj", "{D05D8BC4-AEA9-C5A4-794E-49F760DB96FD}"
EndProject
Project("{FAE04EC0-301F-11D3-BF4B-00C04F79EFBC}") = "Unity.Timeline", "Unity.Timeline.csproj", "{64E22420-C374-9971-6151-993DA77B6B9C}"
EndProject
Project("{FAE04EC0-301F-11D3-BF4B-00C04F79EFBC}") = "UnityEngine.UI", "UnityEngine.UI.csproj", "{A30E1252-B922-EEA3-0D3E-CCB5B21097FF}"
EndProject
Project("{FAE04EC0-301F-11D3-BF4B-00C04F79EFBC}") = "Unity.TextMeshPro", "Unity.TextMeshPro.csproj", "{AC43812F-2AA9-BB8F-7680-823A079E5CFE}"
EndProject
Project("{FAE04EC0-301F-11D3-BF4B-00C04F79EFBC}") = "Unity.2D.Animation.Runtime", "Unity.2D.Animation.Runtime.csproj", "{170F9AFF-A210-A3DD-4AF6-D40A1C588CAA}"
EndProject
Project("{FAE04EC0-301F-11D3-BF4B-00C04F79EFBC}") = "Unity.2D.IK.Runtime", "Unity.2D.IK.Runtime.csproj", "{43A0FBD4-E020-7C4A-ABBD-B12541F1FB79}"
EndProject
Project("{FAE04EC0-301F-11D3-BF4B-00C04F79EFBC}") = "Unity.2D.SpriteShape.Runtime", "Unity.2D.SpriteShape.Runtime.csproj", "{8AD6A019-78DB-1160-30C2-F5AFB0A1EDC8}"
EndProject
Project("{FAE04EC0-301F-11D3-BF4B-00C04F79EFBC}") = "Assembly-CSharp", "Assembly-CSharp.csproj", "{9BA0D87F-88CB-ED2E-77CA-F73558631D0F}"
EndProject
Project("{FAE04EC0-301F-11D3-BF4B-00C04F79EFBC}") = "Unity.2D.PixelPerfect", "Unity.2D.PixelPerfect.csproj", "{6C479E3A-F33D-D49C-F5C8-83CF46503A92}"
EndProject
Project("{FAE04EC0-301F-11D3-BF4B-00C04F79EFBC}") = "Unity.2D.Common.Runtime", "Unity.2D.Common.Runtime.csproj", "{C3040E52-3849-A96F-84D3-7C3ED8A41F39}"
EndProject
Project("{FAE04EC0-301F-11D3-BF4B-00C04F79EFBC}") = "Unity.InternalAPIEngineBridge.001", "Unity.InternalAPIEngineBridge.001.csproj", "{398AF40C-2CD6-CF24-8E63-3B49AB9E56B0}"
EndProject
Project("{FAE04EC0-301F-11D3-BF4B-00C04F79EFBC}") = "UnityEditor.TestRunner", "UnityEditor.TestRunner.csproj", "{8425A25A-96A6-3ED8-B377-17DC988A2C6C}"
EndProject
Project("{FAE04EC0-301F-11D3-BF4B-00C04F79EFBC}") = "UnityEditor.UI", "UnityEditor.UI.csproj", "{6C22E9BA-BC5A-FD32-3D3D-0BAC91563075}"
EndProject
Project("{FAE04EC0-301F-11D3-BF4B-00C04F79EFBC}") = "Unity.Timeline.Editor", "Unity.Timeline.Editor.csproj", "{26F61E10-C126-F8A2-7808-E76E9B473D93}"
EndProject
Project("{FAE04EC0-301F-11D3-BF4B-00C04F79EFBC}") = "Unity.VisualStudio.Editor", "Unity.VisualStudio.Editor.csproj", "{10D88BE5-E542-52A8-2384-808C8F15C789}"
EndProject
Project("{FAE04EC0-301F-11D3-BF4B-00C04F79EFBC}") = "Unity.2D.Psdimporter.Editor", "Unity.2D.Psdimporter.Editor.csproj", "{A646A0A3-097C-5D3C-D40C-12E852ADA9DE}"
EndProject
Project("{FAE04EC0-301F-11D3-BF4B-00C04F79EFBC}") = "Unity.2D.Animation.Editor", "Unity.2D.Animation.Editor.csproj", "{820BFF1D-4F0F-BC4E-73CF-DF3BE4DD58CA}"
EndProject
Project("{FAE04EC0-301F-11D3-BF4B-00C04F79EFBC}") = "Unity.TextMeshPro.Editor", "Unity.TextMeshPro.Editor.csproj", "{79071B8C-83BD-AF19-1CB8-325635F50AB4}"
EndProject
Project("{FAE04EC0-301F-11D3-BF4B-00C04F79EFBC}") = "Unity.2D.SpriteShape.Editor", "Unity.2D.SpriteShape.Editor.csproj", "{7FA125DF-6561-5FC3-7425-C50C2272CC9F}"
EndProject
Project("{FAE04EC0-301F-11D3-BF4B-00C04F79EFBC}") = "Unity.CollabProxy.Editor", "Unity.CollabProxy.Editor.csproj", "{3ED5E868-EBC1-0368-CA41-49B477981436}"
EndProject
Project("{FAE04EC0-301F-11D3-BF4B-00C04F79EFBC}") = "PsdPlugin", "PsdPlugin.csproj", "{7E177209-EDB2-BAAC-5B67-4C1532982F5B}"
EndProject
Project("{FAE04EC0-301F-11D3-BF4B-00C04F79EFBC}") = "Unity.2D.Path.Editor", "Unity.2D.Path.Editor.csproj", "{C4668564-7334-0FB2-B74A-14FB8896D381}"
EndProject
Project("{FAE04EC0-301F-11D3-BF4B-00C04F79EFBC}") = "Unity.Rider.Editor", "Unity.Rider.Editor.csproj", "{22EEBD39-5534-60F2-9620-7B3301FD3DEC}"
EndProject
Project("{FAE04EC0-301F-11D3-BF4B-00C04F79EFBC}") = "Unity.2D.IK.Editor", "Unity.2D.IK.Editor.csproj", "{464091CF-E286-04A5-979D-F9D2ED9EA602}"
EndProject
Project("{FAE04EC0-301F-11D3-BF4B-00C04F79EFBC}") = "Unity.2D.Sprite.Editor", "Unity.2D.Sprite.Editor.csproj", "{B455A009-54CE-596A-1703-F0B47DD83C4D}"
EndProject
Project("{FAE04EC0-301F-11D3-BF4B-00C04F79EFBC}") = "Unity.2D.Tilemap.Editor", "Unity.2D.Tilemap.Editor.csproj", "{ADDF5EE8-E8F1-DD39-B08A-B03688E27600}"
EndProject
Project("{FAE04EC0-301F-11D3-BF4B-00C04F79EFBC}") = "Unity.2D.PixelPerfect.Editor", "Unity.2D.PixelPerfect.Editor.csproj", "{E3301AF1-4100-1F83-6C68-94FE0623FEFA}"
EndProject
Project("{FAE04EC0-301F-11D3-BF4B-00C04F79EFBC}") = "Unity.VSCode.Editor", "Unity.VSCode.Editor.csproj", "{64FF8605-BDF4-3C24-2195-E92AA60C9ECF}"
EndProject
Project("{FAE04EC0-301F-11D3-BF4B-00C04F79EFBC}") = "Unity.2D.Common.Editor", "Unity.2D.Common.Editor.csproj", "{7F945AEC-FDF2-78AF-8D70-A09283CC8460}"
EndProject
Project("{FAE04EC0-301F-11D3-BF4B-00C04F79EFBC}") = "Unity.Mathematics.Editor", "Unity.Mathematics.Editor.csproj", "{48B1D5F6-39E6-8BD2-F9F1-911DFC3ADD60}"
EndProject
Project("{FAE04EC0-301F-11D3-BF4B-00C04F79EFBC}") = "Unity.InternalAPIEditorBridge.001", "Unity.InternalAPIEditorBridge.001.csproj", "{27CD07FA-3FA7-770D-4C5D-0C60D16106AA}"
EndProject
Project("{FAE04EC0-301F-11D3-BF4B-00C04F79EFBC}") = "UnityEngine.TestRunner", "UnityEngine.TestRunner.Player.csproj", "{D0E2B2D1-E103-C132-DC4B-3C094FA49069}"
EndProject
Project("{FAE04EC0-301F-11D3-BF4B-00C04F79EFBC}") = "Unity.Mathematics", "Unity.Mathematics.Player.csproj", "{2EA643F3-15E7-CD19-0F8A-DD9A7F59F26E}"
EndProject
Project("{FAE04EC0-301F-11D3-BF4B-00C04F79EFBC}") = "Unity.2D.Animation.Triangle.Runtime", "Unity.2D.Animation.Triangle.Runtime.Player.csproj", "{A7342D23-7B7E-FFC6-6B6C-BBD4947DF8AE}"
EndProject
Project("{FAE04EC0-301F-11D3-BF4B-00C04F79EFBC}") = "Unity.Timeline", "Unity.Timeline.Player.csproj", "{C18AAA33-D6A7-760C-1403-2D5AF66593FB}"
EndProject
Project("{FAE04EC0-301F-11D3-BF4B-00C04F79EFBC}") = "UnityEngine.UI", "UnityEngine.UI.Player.csproj", "{3563EAC7-883E-71B3-EB13-356341CC89C5}"
EndProject
Project("{FAE04EC0-301F-11D3-BF4B-00C04F79EFBC}") = "Unity.TextMeshPro", "Unity.TextMeshPro.Player.csproj", "{D3F99B9E-C83D-1EF8-FB8E-077339F9645A}"
EndProject
Project("{FAE04EC0-301F-11D3-BF4B-00C04F79EFBC}") = "Unity.2D.Animation.Runtime", "Unity.2D.Animation.Runtime.Player.csproj", "{4379B635-F722-AF0A-AF87-F10A4F0F3F93}"
EndProject
Project("{FAE04EC0-301F-11D3-BF4B-00C04F79EFBC}") = "Unity.2D.IK.Runtime", "Unity.2D.IK.Runtime.Player.csproj", "{4C7B96B1-33BE-9E84-655B-3849D98CE0DF}"
EndProject
Project("{FAE04EC0-301F-11D3-BF4B-00C04F79EFBC}") = "Unity.2D.SpriteShape.Runtime", "Unity.2D.SpriteShape.Runtime.Player.csproj", "{FD6BE723-D595-3267-F6EE-06E8D8CE03ED}"
EndProject
Project("{FAE04EC0-301F-11D3-BF4B-00C04F79EFBC}") = "Assembly-CSharp", "Assembly-CSharp.Player.csproj", "{11D0B793-8112-5882-2B1D-4D9051CF8BEF}"
EndProject
Project("{FAE04EC0-301F-11D3-BF4B-00C04F79EFBC}") = "Unity.2D.PixelPerfect", "Unity.2D.PixelPerfect.Player.csproj", "{F2FD086C-7DE9-4456-C2B3-E7F41033A323}"
EndProject
Project("{FAE04EC0-301F-11D3-BF4B-00C04F79EFBC}") = "Unity.2D.Common.Runtime", "Unity.2D.Common.Runtime.Player.csproj", "{C0A4D7BA-8FD1-3843-8F41-563B9BB34407}"
EndProject
Project("{FAE04EC0-301F-11D3-BF4B-00C04F79EFBC}") = "Unity.InternalAPIEngineBridge.001", "Unity.InternalAPIEngineBridge.001.Player.csproj", "{CE175080-D882-CC9B-15F6-C547E2D3E580}"
EndProject
Global
	GlobalSection(SolutionConfigurationPlatforms) = preSolution
		Debug|Any CPU = Debug|Any CPU
		Release|Any CPU = Release|Any CPU
	EndGlobalSection
	GlobalSection(ProjectConfigurationPlatforms) = postSolution
		{A245CBBA-20B2-ED17-3821-1FDB4C9B6D0F}.Debug|Any CPU.ActiveCfg = Debug|Any CPU
		{A245CBBA-20B2-ED17-3821-1FDB4C9B6D0F}.Debug|Any CPU.Build.0 = Debug|Any CPU
		{A245CBBA-20B2-ED17-3821-1FDB4C9B6D0F}.Release|Any CPU.ActiveCfg = Release|Any CPU
		{A245CBBA-20B2-ED17-3821-1FDB4C9B6D0F}.Release|Any CPU.Build.0 = Release|Any CPU
		{A907F029-56FC-769B-B848-346A081E665B}.Debug|Any CPU.ActiveCfg = Debug|Any CPU
		{A907F029-56FC-769B-B848-346A081E665B}.Debug|Any CPU.Build.0 = Debug|Any CPU
		{A907F029-56FC-769B-B848-346A081E665B}.Release|Any CPU.ActiveCfg = Release|Any CPU
		{A907F029-56FC-769B-B848-346A081E665B}.Release|Any CPU.Build.0 = Release|Any CPU
		{D05D8BC4-AEA9-C5A4-794E-49F760DB96FD}.Debug|Any CPU.ActiveCfg = Debug|Any CPU
		{D05D8BC4-AEA9-C5A4-794E-49F760DB96FD}.Debug|Any CPU.Build.0 = Debug|Any CPU
		{D05D8BC4-AEA9-C5A4-794E-49F760DB96FD}.Release|Any CPU.ActiveCfg = Release|Any CPU
		{D05D8BC4-AEA9-C5A4-794E-49F760DB96FD}.Release|Any CPU.Build.0 = Release|Any CPU
		{64E22420-C374-9971-6151-993DA77B6B9C}.Debug|Any CPU.ActiveCfg = Debug|Any CPU
		{64E22420-C374-9971-6151-993DA77B6B9C}.Debug|Any CPU.Build.0 = Debug|Any CPU
		{64E22420-C374-9971-6151-993DA77B6B9C}.Release|Any CPU.ActiveCfg = Release|Any CPU
		{64E22420-C374-9971-6151-993DA77B6B9C}.Release|Any CPU.Build.0 = Release|Any CPU
		{A30E1252-B922-EEA3-0D3E-CCB5B21097FF}.Debug|Any CPU.ActiveCfg = Debug|Any CPU
		{A30E1252-B922-EEA3-0D3E-CCB5B21097FF}.Debug|Any CPU.Build.0 = Debug|Any CPU
		{A30E1252-B922-EEA3-0D3E-CCB5B21097FF}.Release|Any CPU.ActiveCfg = Release|Any CPU
		{A30E1252-B922-EEA3-0D3E-CCB5B21097FF}.Release|Any CPU.Build.0 = Release|Any CPU
		{AC43812F-2AA9-BB8F-7680-823A079E5CFE}.Debug|Any CPU.ActiveCfg = Debug|Any CPU
		{AC43812F-2AA9-BB8F-7680-823A079E5CFE}.Debug|Any CPU.Build.0 = Debug|Any CPU
		{AC43812F-2AA9-BB8F-7680-823A079E5CFE}.Release|Any CPU.ActiveCfg = Release|Any CPU
		{AC43812F-2AA9-BB8F-7680-823A079E5CFE}.Release|Any CPU.Build.0 = Release|Any CPU
		{170F9AFF-A210-A3DD-4AF6-D40A1C588CAA}.Debug|Any CPU.ActiveCfg = Debug|Any CPU
		{170F9AFF-A210-A3DD-4AF6-D40A1C588CAA}.Debug|Any CPU.Build.0 = Debug|Any CPU
		{170F9AFF-A210-A3DD-4AF6-D40A1C588CAA}.Release|Any CPU.ActiveCfg = Release|Any CPU
		{170F9AFF-A210-A3DD-4AF6-D40A1C588CAA}.Release|Any CPU.Build.0 = Release|Any CPU
		{43A0FBD4-E020-7C4A-ABBD-B12541F1FB79}.Debug|Any CPU.ActiveCfg = Debug|Any CPU
		{43A0FBD4-E020-7C4A-ABBD-B12541F1FB79}.Debug|Any CPU.Build.0 = Debug|Any CPU
		{43A0FBD4-E020-7C4A-ABBD-B12541F1FB79}.Release|Any CPU.ActiveCfg = Release|Any CPU
		{43A0FBD4-E020-7C4A-ABBD-B12541F1FB79}.Release|Any CPU.Build.0 = Release|Any CPU
		{8AD6A019-78DB-1160-30C2-F5AFB0A1EDC8}.Debug|Any CPU.ActiveCfg = Debug|Any CPU
		{8AD6A019-78DB-1160-30C2-F5AFB0A1EDC8}.Debug|Any CPU.Build.0 = Debug|Any CPU
		{8AD6A019-78DB-1160-30C2-F5AFB0A1EDC8}.Release|Any CPU.ActiveCfg = Release|Any CPU
		{8AD6A019-78DB-1160-30C2-F5AFB0A1EDC8}.Release|Any CPU.Build.0 = Release|Any CPU
		{9BA0D87F-88CB-ED2E-77CA-F73558631D0F}.Debug|Any CPU.ActiveCfg = Debug|Any CPU
		{9BA0D87F-88CB-ED2E-77CA-F73558631D0F}.Debug|Any CPU.Build.0 = Debug|Any CPU
		{9BA0D87F-88CB-ED2E-77CA-F73558631D0F}.Release|Any CPU.ActiveCfg = Release|Any CPU
		{9BA0D87F-88CB-ED2E-77CA-F73558631D0F}.Release|Any CPU.Build.0 = Release|Any CPU
		{6C479E3A-F33D-D49C-F5C8-83CF46503A92}.Debug|Any CPU.ActiveCfg = Debug|Any CPU
		{6C479E3A-F33D-D49C-F5C8-83CF46503A92}.Debug|Any CPU.Build.0 = Debug|Any CPU
		{6C479E3A-F33D-D49C-F5C8-83CF46503A92}.Release|Any CPU.ActiveCfg = Release|Any CPU
		{6C479E3A-F33D-D49C-F5C8-83CF46503A92}.Release|Any CPU.Build.0 = Release|Any CPU
		{C3040E52-3849-A96F-84D3-7C3ED8A41F39}.Debug|Any CPU.ActiveCfg = Debug|Any CPU
		{C3040E52-3849-A96F-84D3-7C3ED8A41F39}.Debug|Any CPU.Build.0 = Debug|Any CPU
		{C3040E52-3849-A96F-84D3-7C3ED8A41F39}.Release|Any CPU.ActiveCfg = Release|Any CPU
		{C3040E52-3849-A96F-84D3-7C3ED8A41F39}.Release|Any CPU.Build.0 = Release|Any CPU
		{398AF40C-2CD6-CF24-8E63-3B49AB9E56B0}.Debug|Any CPU.ActiveCfg = Debug|Any CPU
		{398AF40C-2CD6-CF24-8E63-3B49AB9E56B0}.Debug|Any CPU.Build.0 = Debug|Any CPU
		{398AF40C-2CD6-CF24-8E63-3B49AB9E56B0}.Release|Any CPU.ActiveCfg = Release|Any CPU
		{398AF40C-2CD6-CF24-8E63-3B49AB9E56B0}.Release|Any CPU.Build.0 = Release|Any CPU
		{8425A25A-96A6-3ED8-B377-17DC988A2C6C}.Debug|Any CPU.ActiveCfg = Debug|Any CPU
		{8425A25A-96A6-3ED8-B377-17DC988A2C6C}.Debug|Any CPU.Build.0 = Debug|Any CPU
		{8425A25A-96A6-3ED8-B377-17DC988A2C6C}.Release|Any CPU.ActiveCfg = Release|Any CPU
		{8425A25A-96A6-3ED8-B377-17DC988A2C6C}.Release|Any CPU.Build.0 = Release|Any CPU
		{6C22E9BA-BC5A-FD32-3D3D-0BAC91563075}.Debug|Any CPU.ActiveCfg = Debug|Any CPU
		{6C22E9BA-BC5A-FD32-3D3D-0BAC91563075}.Debug|Any CPU.Build.0 = Debug|Any CPU
		{6C22E9BA-BC5A-FD32-3D3D-0BAC91563075}.Release|Any CPU.ActiveCfg = Release|Any CPU
		{6C22E9BA-BC5A-FD32-3D3D-0BAC91563075}.Release|Any CPU.Build.0 = Release|Any CPU
		{26F61E10-C126-F8A2-7808-E76E9B473D93}.Debug|Any CPU.ActiveCfg = Debug|Any CPU
		{26F61E10-C126-F8A2-7808-E76E9B473D93}.Debug|Any CPU.Build.0 = Debug|Any CPU
		{26F61E10-C126-F8A2-7808-E76E9B473D93}.Release|Any CPU.ActiveCfg = Release|Any CPU
		{26F61E10-C126-F8A2-7808-E76E9B473D93}.Release|Any CPU.Build.0 = Release|Any CPU
		{10D88BE5-E542-52A8-2384-808C8F15C789}.Debug|Any CPU.ActiveCfg = Debug|Any CPU
		{10D88BE5-E542-52A8-2384-808C8F15C789}.Debug|Any CPU.Build.0 = Debug|Any CPU
		{10D88BE5-E542-52A8-2384-808C8F15C789}.Release|Any CPU.ActiveCfg = Release|Any CPU
		{10D88BE5-E542-52A8-2384-808C8F15C789}.Release|Any CPU.Build.0 = Release|Any CPU
		{A646A0A3-097C-5D3C-D40C-12E852ADA9DE}.Debug|Any CPU.ActiveCfg = Debug|Any CPU
		{A646A0A3-097C-5D3C-D40C-12E852ADA9DE}.Debug|Any CPU.Build.0 = Debug|Any CPU
		{A646A0A3-097C-5D3C-D40C-12E852ADA9DE}.Release|Any CPU.ActiveCfg = Release|Any CPU
		{A646A0A3-097C-5D3C-D40C-12E852ADA9DE}.Release|Any CPU.Build.0 = Release|Any CPU
		{820BFF1D-4F0F-BC4E-73CF-DF3BE4DD58CA}.Debug|Any CPU.ActiveCfg = Debug|Any CPU
		{820BFF1D-4F0F-BC4E-73CF-DF3BE4DD58CA}.Debug|Any CPU.Build.0 = Debug|Any CPU
		{820BFF1D-4F0F-BC4E-73CF-DF3BE4DD58CA}.Release|Any CPU.ActiveCfg = Release|Any CPU
		{820BFF1D-4F0F-BC4E-73CF-DF3BE4DD58CA}.Release|Any CPU.Build.0 = Release|Any CPU
		{79071B8C-83BD-AF19-1CB8-325635F50AB4}.Debug|Any CPU.ActiveCfg = Debug|Any CPU
		{79071B8C-83BD-AF19-1CB8-325635F50AB4}.Debug|Any CPU.Build.0 = Debug|Any CPU
		{79071B8C-83BD-AF19-1CB8-325635F50AB4}.Release|Any CPU.ActiveCfg = Release|Any CPU
		{79071B8C-83BD-AF19-1CB8-325635F50AB4}.Release|Any CPU.Build.0 = Release|Any CPU
		{7FA125DF-6561-5FC3-7425-C50C2272CC9F}.Debug|Any CPU.ActiveCfg = Debug|Any CPU
		{7FA125DF-6561-5FC3-7425-C50C2272CC9F}.Debug|Any CPU.Build.0 = Debug|Any CPU
		{7FA125DF-6561-5FC3-7425-C50C2272CC9F}.Release|Any CPU.ActiveCfg = Release|Any CPU
		{7FA125DF-6561-5FC3-7425-C50C2272CC9F}.Release|Any CPU.Build.0 = Release|Any CPU
		{3ED5E868-EBC1-0368-CA41-49B477981436}.Debug|Any CPU.ActiveCfg = Debug|Any CPU
		{3ED5E868-EBC1-0368-CA41-49B477981436}.Debug|Any CPU.Build.0 = Debug|Any CPU
		{3ED5E868-EBC1-0368-CA41-49B477981436}.Release|Any CPU.ActiveCfg = Release|Any CPU
		{3ED5E868-EBC1-0368-CA41-49B477981436}.Release|Any CPU.Build.0 = Release|Any CPU
		{7E177209-EDB2-BAAC-5B67-4C1532982F5B}.Debug|Any CPU.ActiveCfg = Debug|Any CPU
		{7E177209-EDB2-BAAC-5B67-4C1532982F5B}.Debug|Any CPU.Build.0 = Debug|Any CPU
		{7E177209-EDB2-BAAC-5B67-4C1532982F5B}.Release|Any CPU.ActiveCfg = Release|Any CPU
		{7E177209-EDB2-BAAC-5B67-4C1532982F5B}.Release|Any CPU.Build.0 = Release|Any CPU
		{C4668564-7334-0FB2-B74A-14FB8896D381}.Debug|Any CPU.ActiveCfg = Debug|Any CPU
		{C4668564-7334-0FB2-B74A-14FB8896D381}.Debug|Any CPU.Build.0 = Debug|Any CPU
		{C4668564-7334-0FB2-B74A-14FB8896D381}.Release|Any CPU.ActiveCfg = Release|Any CPU
		{C4668564-7334-0FB2-B74A-14FB8896D381}.Release|Any CPU.Build.0 = Release|Any CPU
		{22EEBD39-5534-60F2-9620-7B3301FD3DEC}.Debug|Any CPU.ActiveCfg = Debug|Any CPU
		{22EEBD39-5534-60F2-9620-7B3301FD3DEC}.Debug|Any CPU.Build.0 = Debug|Any CPU
		{22EEBD39-5534-60F2-9620-7B3301FD3DEC}.Release|Any CPU.ActiveCfg = Release|Any CPU
		{22EEBD39-5534-60F2-9620-7B3301FD3DEC}.Release|Any CPU.Build.0 = Release|Any CPU
		{464091CF-E286-04A5-979D-F9D2ED9EA602}.Debug|Any CPU.ActiveCfg = Debug|Any CPU
		{464091CF-E286-04A5-979D-F9D2ED9EA602}.Debug|Any CPU.Build.0 = Debug|Any CPU
		{464091CF-E286-04A5-979D-F9D2ED9EA602}.Release|Any CPU.ActiveCfg = Release|Any CPU
		{464091CF-E286-04A5-979D-F9D2ED9EA602}.Release|Any CPU.Build.0 = Release|Any CPU
		{B455A009-54CE-596A-1703-F0B47DD83C4D}.Debug|Any CPU.ActiveCfg = Debug|Any CPU
		{B455A009-54CE-596A-1703-F0B47DD83C4D}.Debug|Any CPU.Build.0 = Debug|Any CPU
		{B455A009-54CE-596A-1703-F0B47DD83C4D}.Release|Any CPU.ActiveCfg = Release|Any CPU
		{B455A009-54CE-596A-1703-F0B47DD83C4D}.Release|Any CPU.Build.0 = Release|Any CPU
		{ADDF5EE8-E8F1-DD39-B08A-B03688E27600}.Debug|Any CPU.ActiveCfg = Debug|Any CPU
		{ADDF5EE8-E8F1-DD39-B08A-B03688E27600}.Debug|Any CPU.Build.0 = Debug|Any CPU
		{ADDF5EE8-E8F1-DD39-B08A-B03688E27600}.Release|Any CPU.ActiveCfg = Release|Any CPU
		{ADDF5EE8-E8F1-DD39-B08A-B03688E27600}.Release|Any CPU.Build.0 = Release|Any CPU
		{E3301AF1-4100-1F83-6C68-94FE0623FEFA}.Debug|Any CPU.ActiveCfg = Debug|Any CPU
		{E3301AF1-4100-1F83-6C68-94FE0623FEFA}.Debug|Any CPU.Build.0 = Debug|Any CPU
		{E3301AF1-4100-1F83-6C68-94FE0623FEFA}.Release|Any CPU.ActiveCfg = Release|Any CPU
		{E3301AF1-4100-1F83-6C68-94FE0623FEFA}.Release|Any CPU.Build.0 = Release|Any CPU
		{64FF8605-BDF4-3C24-2195-E92AA60C9ECF}.Debug|Any CPU.ActiveCfg = Debug|Any CPU
		{64FF8605-BDF4-3C24-2195-E92AA60C9ECF}.Debug|Any CPU.Build.0 = Debug|Any CPU
		{64FF8605-BDF4-3C24-2195-E92AA60C9ECF}.Release|Any CPU.ActiveCfg = Release|Any CPU
		{64FF8605-BDF4-3C24-2195-E92AA60C9ECF}.Release|Any CPU.Build.0 = Release|Any CPU
		{7F945AEC-FDF2-78AF-8D70-A09283CC8460}.Debug|Any CPU.ActiveCfg = Debug|Any CPU
		{7F945AEC-FDF2-78AF-8D70-A09283CC8460}.Debug|Any CPU.Build.0 = Debug|Any CPU
		{7F945AEC-FDF2-78AF-8D70-A09283CC8460}.Release|Any CPU.ActiveCfg = Release|Any CPU
		{7F945AEC-FDF2-78AF-8D70-A09283CC8460}.Release|Any CPU.Build.0 = Release|Any CPU
		{48B1D5F6-39E6-8BD2-F9F1-911DFC3ADD60}.Debug|Any CPU.ActiveCfg = Debug|Any CPU
		{48B1D5F6-39E6-8BD2-F9F1-911DFC3ADD60}.Debug|Any CPU.Build.0 = Debug|Any CPU
		{48B1D5F6-39E6-8BD2-F9F1-911DFC3ADD60}.Release|Any CPU.ActiveCfg = Release|Any CPU
		{48B1D5F6-39E6-8BD2-F9F1-911DFC3ADD60}.Release|Any CPU.Build.0 = Release|Any CPU
		{27CD07FA-3FA7-770D-4C5D-0C60D16106AA}.Debug|Any CPU.ActiveCfg = Debug|Any CPU
		{27CD07FA-3FA7-770D-4C5D-0C60D16106AA}.Debug|Any CPU.Build.0 = Debug|Any CPU
		{27CD07FA-3FA7-770D-4C5D-0C60D16106AA}.Release|Any CPU.ActiveCfg = Release|Any CPU
		{27CD07FA-3FA7-770D-4C5D-0C60D16106AA}.Release|Any CPU.Build.0 = Release|Any CPU
		{D0E2B2D1-E103-C132-DC4B-3C094FA49069}.Debug|Any CPU.ActiveCfg = Debug|Any CPU
		{D0E2B2D1-E103-C132-DC4B-3C094FA49069}.Debug|Any CPU.Build.0 = Debug|Any CPU
		{D0E2B2D1-E103-C132-DC4B-3C094FA49069}.Release|Any CPU.ActiveCfg = Release|Any CPU
		{D0E2B2D1-E103-C132-DC4B-3C094FA49069}.Release|Any CPU.Build.0 = Release|Any CPU
		{2EA643F3-15E7-CD19-0F8A-DD9A7F59F26E}.Debug|Any CPU.ActiveCfg = Debug|Any CPU
		{2EA643F3-15E7-CD19-0F8A-DD9A7F59F26E}.Debug|Any CPU.Build.0 = Debug|Any CPU
		{2EA643F3-15E7-CD19-0F8A-DD9A7F59F26E}.Release|Any CPU.ActiveCfg = Release|Any CPU
		{2EA643F3-15E7-CD19-0F8A-DD9A7F59F26E}.Release|Any CPU.Build.0 = Release|Any CPU
		{A7342D23-7B7E-FFC6-6B6C-BBD4947DF8AE}.Debug|Any CPU.ActiveCfg = Debug|Any CPU
		{A7342D23-7B7E-FFC6-6B6C-BBD4947DF8AE}.Debug|Any CPU.Build.0 = Debug|Any CPU
		{A7342D23-7B7E-FFC6-6B6C-BBD4947DF8AE}.Release|Any CPU.ActiveCfg = Release|Any CPU
		{A7342D23-7B7E-FFC6-6B6C-BBD4947DF8AE}.Release|Any CPU.Build.0 = Release|Any CPU
		{C18AAA33-D6A7-760C-1403-2D5AF66593FB}.Debug|Any CPU.ActiveCfg = Debug|Any CPU
		{C18AAA33-D6A7-760C-1403-2D5AF66593FB}.Debug|Any CPU.Build.0 = Debug|Any CPU
		{C18AAA33-D6A7-760C-1403-2D5AF66593FB}.Release|Any CPU.ActiveCfg = Release|Any CPU
		{C18AAA33-D6A7-760C-1403-2D5AF66593FB}.Release|Any CPU.Build.0 = Release|Any CPU
		{3563EAC7-883E-71B3-EB13-356341CC89C5}.Debug|Any CPU.ActiveCfg = Debug|Any CPU
		{3563EAC7-883E-71B3-EB13-356341CC89C5}.Debug|Any CPU.Build.0 = Debug|Any CPU
		{3563EAC7-883E-71B3-EB13-356341CC89C5}.Release|Any CPU.ActiveCfg = Release|Any CPU
		{3563EAC7-883E-71B3-EB13-356341CC89C5}.Release|Any CPU.Build.0 = Release|Any CPU
		{D3F99B9E-C83D-1EF8-FB8E-077339F9645A}.Debug|Any CPU.ActiveCfg = Debug|Any CPU
		{D3F99B9E-C83D-1EF8-FB8E-077339F9645A}.Debug|Any CPU.Build.0 = Debug|Any CPU
		{D3F99B9E-C83D-1EF8-FB8E-077339F9645A}.Release|Any CPU.ActiveCfg = Release|Any CPU
		{D3F99B9E-C83D-1EF8-FB8E-077339F9645A}.Release|Any CPU.Build.0 = Release|Any CPU
		{4379B635-F722-AF0A-AF87-F10A4F0F3F93}.Debug|Any CPU.ActiveCfg = Debug|Any CPU
		{4379B635-F722-AF0A-AF87-F10A4F0F3F93}.Debug|Any CPU.Build.0 = Debug|Any CPU
		{4379B635-F722-AF0A-AF87-F10A4F0F3F93}.Release|Any CPU.ActiveCfg = Release|Any CPU
		{4379B635-F722-AF0A-AF87-F10A4F0F3F93}.Release|Any CPU.Build.0 = Release|Any CPU
		{4C7B96B1-33BE-9E84-655B-3849D98CE0DF}.Debug|Any CPU.ActiveCfg = Debug|Any CPU
		{4C7B96B1-33BE-9E84-655B-3849D98CE0DF}.Debug|Any CPU.Build.0 = Debug|Any CPU
		{4C7B96B1-33BE-9E84-655B-3849D98CE0DF}.Release|Any CPU.ActiveCfg = Release|Any CPU
		{4C7B96B1-33BE-9E84-655B-3849D98CE0DF}.Release|Any CPU.Build.0 = Release|Any CPU
		{FD6BE723-D595-3267-F6EE-06E8D8CE03ED}.Debug|Any CPU.ActiveCfg = Debug|Any CPU
		{FD6BE723-D595-3267-F6EE-06E8D8CE03ED}.Debug|Any CPU.Build.0 = Debug|Any CPU
		{FD6BE723-D595-3267-F6EE-06E8D8CE03ED}.Release|Any CPU.ActiveCfg = Release|Any CPU
		{FD6BE723-D595-3267-F6EE-06E8D8CE03ED}.Release|Any CPU.Build.0 = Release|Any CPU
		{11D0B793-8112-5882-2B1D-4D9051CF8BEF}.Debug|Any CPU.ActiveCfg = Debug|Any CPU
		{11D0B793-8112-5882-2B1D-4D9051CF8BEF}.Debug|Any CPU.Build.0 = Debug|Any CPU
		{11D0B793-8112-5882-2B1D-4D9051CF8BEF}.Release|Any CPU.ActiveCfg = Release|Any CPU
		{11D0B793-8112-5882-2B1D-4D9051CF8BEF}.Release|Any CPU.Build.0 = Release|Any CPU
		{F2FD086C-7DE9-4456-C2B3-E7F41033A323}.Debug|Any CPU.ActiveCfg = Debug|Any CPU
		{F2FD086C-7DE9-4456-C2B3-E7F41033A323}.Debug|Any CPU.Build.0 = Debug|Any CPU
		{F2FD086C-7DE9-4456-C2B3-E7F41033A323}.Release|Any CPU.ActiveCfg = Release|Any CPU
		{F2FD086C-7DE9-4456-C2B3-E7F41033A323}.Release|Any CPU.Build.0 = Release|Any CPU
		{C0A4D7BA-8FD1-3843-8F41-563B9BB34407}.Debug|Any CPU.ActiveCfg = Debug|Any CPU
		{C0A4D7BA-8FD1-3843-8F41-563B9BB34407}.Debug|Any CPU.Build.0 = Debug|Any CPU
		{C0A4D7BA-8FD1-3843-8F41-563B9BB34407}.Release|Any CPU.ActiveCfg = Release|Any CPU
		{C0A4D7BA-8FD1-3843-8F41-563B9BB34407}.Release|Any CPU.Build.0 = Release|Any CPU
		{CE175080-D882-CC9B-15F6-C547E2D3E580}.Debug|Any CPU.ActiveCfg = Debug|Any CPU
		{CE175080-D882-CC9B-15F6-C547E2D3E580}.Debug|Any CPU.Build.0 = Debug|Any CPU
		{CE175080-D882-CC9B-15F6-C547E2D3E580}.Release|Any CPU.ActiveCfg = Release|Any CPU
		{CE175080-D882-CC9B-15F6-C547E2D3E580}.Release|Any CPU.Build.0 = Release|Any CPU
	EndGlobalSection
	GlobalSection(SolutionProperties) = preSolution
		HideSolutionNode = FALSE
	EndGlobalSection
EndGlobal
